{
  "name": "exercise-03",
  "lockfileVersion": 3,
  "requires": true,
  "packages": {
    "": {
      "dependencies": {
        "http2": "^3.3.6"
      }
    },
    "node_modules/http2": {
      "version": "3.3.6",
      "resolved": "https://registry.npmjs.org/http2/-/http2-3.3.6.tgz",
      "integrity": "sha512-L8iE1xmQ9hZxalL9ekcx6Dp98h8Fwfxnv9Kq8cf7adrXmyYGBnkbQeJe7MBHPkXxjITIOM1R7XWQYo4iDaNAuQ==",
      "deprecated": "Use the built-in module in node 9.0.0 or newer, instead",
      "license": "MIT",
      "engines": {
        "node": ">=0.12.0"
      }
    }
  }
}
